<?xml version="1.0" encoding="utf-8"?>
<Project ToolsVersion="4.0" xmlns="http://schemas.microsoft.com/developer/msbuild/2003">
  <ItemGroup>
    <ClCompile Include="Application.cpp">
      <Filter>Source</Filter>
    </ClCompile>
    <ClCompile Include="ddutil.cpp">
      <Filter>Source</Filter>
    </ClCompile>
    <ClCompile Include="main.cpp">
      <Filter>Source</Filter>
    </ClCompile>
    <ClCompile Include="Direct.cpp">
      <Filter>Source</Filter>
    </ClCompile>
    <ClCompile Include="Action.cpp">
      <Filter>Source</Filter>
    </ClCompile>
    <ClCompile Include="Sound.cpp">
      <Filter>Source</Filter>
    </ClCompile>
    <ClCompile Include="Game.cpp">
      <Filter>Source</Filter>
    </ClCompile>
    <ClCompile Include="Math.cpp">
      <Filter>Source</Filter>
    </ClCompile>
    <ClCompile Include="Renderer.cpp">
      <Filter>Source</Filter>
    </ClCompile>
    <ClCompile Include="World.cpp">
      <Filter>Source</Filter>
    </ClCompile>
    <ClCompile Include="Routing.cpp">
      <Filter>Source</Filter>
    </ClCompile>
    <ClCompile Include="globals.cpp">
      <Filter>Source</Filter>
    </ClCompile>
  </ItemGroup>
  <ItemGroup>
    <ClInclude Include="types.hpp">
      <Filter>Header</Filter>
    </ClInclude>
    <ClInclude Include="ddutil.h">
      <Filter>Header</Filter>
    </ClInclude>
    <ClInclude Include="constants.hpp">
      <Filter>Header</Filter>
    </ClInclude>
    <ClInclude Include="Application.hpp">
      <Filter>Header</Filter>
    </ClInclude>
    <ClInclude Include="resource.h">
      <Filter>Header</Filter>
    </ClInclude>
    <ClInclude Include="Action.hpp">
      <Filter>Header</Filter>
    </ClInclude>
    <ClInclude Include="Sound.hpp">
      <Filter>Header</Filter>
    </ClInclude>
    <ClInclude Include="Direct.hpp">
      <Filter>Header</Filter>
    </ClInclude>
    <ClInclude Include="Game.hpp">
      <Filter>Header</Filter>
    </ClInclude>
    <ClInclude Include="Math.hpp">
      <Filter>Header</Filter>
    </ClInclude>
    <ClInclude Include="Renderer.hpp">
      <Filter>Header</Filter>
    </ClInclude>
    <ClInclude Include="World.hpp">
      <Filter>Header</Filter>
    </ClInclude>
    <ClInclude Include="headers.hpp">
      <Filter>Header</Filter>
    </ClInclude>
    <ClInclude Include="Routing.hpp">
      <Filter>Header</Filter>
    </ClInclude>
    <ClInclude Include="extern.hpp">
      <Filter>Header</Filter>
    </ClInclude>
  </ItemGroup>
  <ItemGroup>
    <CustomBuild Include="Animation.BMP">
      <Filter>Resource</Filter>
    </CustomBuild>
    <CustomBuild Include="Bau.BMP">
      <Filter>Resource</Filter>
    </CustomBuild>
    <CustomBuild Include="Baum.bmp">
      <Filter>Resource</Filter>
    </CustomBuild>
    <CustomBuild Include="Buttons.bmp">
      <Filter>Resource</Filter>
    </CustomBuild>
    <CustomBuild Include="credits.bmp">
      <Filter>Resource</Filter>
    </CustomBuild>
    <CustomBuild Include="Cursor.BMP">
      <Filter>Resource</Filter>
    </CustomBuild>
    <CustomBuild Include="GuyAni.BMP">
      <Filter>Resource</Filter>
    </CustomBuild>
    <CustomBuild Include="icon1.ico">
      <Filter>Resource</Filter>
    </CustomBuild>
    <CustomBuild Include="Inventar.bmp">
      <Filter>Resource</Filter>
    </CustomBuild>
    <CustomBuild Include="Landscape.ico">
      <Filter>Resource</Filter>
    </CustomBuild>
    <CustomBuild Include="Logo.bmp">
      <Filter>Resource</Filter>
    </CustomBuild>
    <CustomBuild Include="Misc.BMP">
      <Filter>Resource</Filter>
    </CustomBuild>
    <CustomBuild Include="Panel.BMP">
      <Filter>Resource</Filter>
    </CustomBuild>
    <CustomBuild Include="Papier.BMP">
      <Filter>Resource</Filter>
    </CustomBuild>
    <CustomBuild Include="Schrift.BMP">
      <Filter>Resource</Filter>
    </CustomBuild>
    <CustomBuild Include="Schrift1.BMP">
      <Filter>Resource</Filter>
    </CustomBuild>
    <CustomBuild Include="Schrift2.bmp">
      <Filter>Resource</Filter>
    </CustomBuild>
    <CustomBuild Include="Sonne.BMP">
      <Filter>Resource</Filter>
    </CustomBuild>
    <CustomBuild Include="Textfeld.bmp">
      <Filter>Resource</Filter>
    </CustomBuild>
  </ItemGroup>
  <ItemGroup>
    <Filter Include="Source">
      <UniqueIdentifier>{ead7ad50-8ce5-406b-abcc-64bdf6bffae1}</UniqueIdentifier>
    </Filter>
    <Filter Include="Header">
      <UniqueIdentifier>{adb6c318-c4a6-44f1-8b39-11c04d586e18}</UniqueIdentifier>
    </Filter>
    <Filter Include="Resource">
      <UniqueIdentifier>{7d813b62-df82-445b-96c3-7b28451702d4}</UniqueIdentifier>
    </Filter>
  </ItemGroup>
  <ItemGroup>
    <ResourceCompile Include="Landscape.rc">
      <Filter>Resource</Filter>
    </ResourceCompile>
  </ItemGroup>
</Project>